// !$*UTF8*$!
{
	archiveVersion = 1;
	classes = {
	};
	objectVersion = 46;
	objects = {

/* Begin PBXBuildFile section */
		C466DDC51EDE715400976FEA /* AppDelegate.swift in Sources */ = {isa = PBXBuildFile; fileRef = C466DDC41EDE715400976FEA /* AppDelegate.swift */; };
		C466DDC71EDE715400976FEA /* ViewController.swift in Sources */ = {isa = PBXBuildFile; fileRef = C466DDC61EDE715400976FEA /* ViewController.swift */; };
		C466DDCA1EDE715400976FEA /* Main.storyboard in Resources */ = {isa = PBXBuildFile; fileRef = C466DDC81EDE715400976FEA /* Main.storyboard */; };
		C466DDCC1EDE715400976FEA /* Assets.xcassets in Resources */ = {isa = PBXBuildFile; fileRef = C466DDCB1EDE715400976FEA /* Assets.xcassets */; };
		C466DDCF1EDE715400976FEA /* LaunchScreen.storyboard in Resources */ = {isa = PBXBuildFile; fileRef = C466DDCD1EDE715400976FEA /* LaunchScreen.storyboard */; };
/* End PBXBuildFile section */

/* Begin PBXFileReference section */
		C466DDC11EDE715400976FEA /* Hola Mundo.app */ = {isa = PBXFileReference; explicitFileType = wrapper.application; includeInIndex = 0; path = "Hola Mundo.app"; sourceTree = BUILT_PRODUCTS_DIR; };
		C466DDC41EDE715400976FEA /* AppDelegate.swift */ = {isa = PBXFileReference; lastKnownFileType = sourcecode.swift; path = AppDelegate.swift; sourceTree = "<group>"; };
		C466DDC61EDE715400976FEA /* ViewController.swift */ = {isa = PBXFileReference; lastKnownFileType = sourcecode.swift; path = ViewController.swift; sourceTree = "<group>"; };
		C466DDC91EDE715400976FEA /* Base */ = {isa = PBXFileReference; lastKnownFileType = file.storyboard; name = Base; path = Base.lproj/Main.storyboard; sourceTree = "<group>"; };
		C466DDCB1EDE715400976FEA /* Assets.xcassets */ = {isa = PBXFileReference; lastKnownFileType = folder.assetcatalog; path = Assets.xcassets; sourceTree = "<group>"; };
		C466DDCE1EDE715400976FEA /* Base */ = {isa = PBXFileReference; lastKnownFileType = file.storyboard; name = Base; path = Base.lproj/LaunchScreen.storyboard; sourceTree = "<group>"; };
		C466DDD01EDE715400976FEA /* Info.plist */ = {isa = PBXFileReference; lastKnownFileType = text.plist.xml; path = Info.plist; sourceTree = "<group>"; };
/* End PBXFileReference section */

/* Begin PBXFrameworksBuildPhase section */
		C466DDBE1EDE715400976FEA /* Frameworks */ = {
			isa = PBXFrameworksBuildPhase;
			buildActionMask = 2147483647;
			files = (
			);
			runOnlyForDeploymentPostprocessing = 0;
		};
/* End PBXFrameworksBuildPhase section */

/* Begin PBXGroup section */
		C466DDB81EDE715400976FEA = {
			isa = PBXGroup;
			children = (
				C466DDC31EDE715400976FEA /* Hola Mundo */,
				C466DDC21EDE715400976FEA /* Products */,
			);
			sourceTree = "<group>";
		};
		C466DDC21EDE715400976FEA /* Products */ = {
			isa = PBXGroup;
			children = (
				C466DDC11EDE715400976FEA /* Hola Mundo.app */,
			);
			name = Products;
			sourceTree = "<group>";
		};
		C466DDC31EDE715400976FEA /* Hola Mundo */ = {
			isa = PBXGroup;
			children = (
				C466DDC41EDE715400976FEA /* AppDelegate.swift */,
				C466DDC61EDE715400976FEA /* ViewController.swift */,
				C466DDC81EDE715400976FEA /* Main.storyboard */,
				C466DDCB1EDE715400976FEA /* Assets.xcassets */,
				C466DDCD1EDE715400976FEA /* LaunchScreen.storyboard */,
				C466DDD01EDE715400976FEA /* Info.plist */,
			);
			path = "Hola Mundo";
			sourceTree = "<group>";
		};
/* End PBXGroup section */

/* Begin PBXNativeTarget section */
		C466DDC01EDE715400976FEA /* Hola Mundo */ = {
			isa = PBXNativeTarget;
			buildConfigurationList = C466DDD31EDE715400976FEA /* Build configuration list for PBXNativeTarget "Hola Mundo" */;
			buildPhases = (
				C466DDBD1EDE715400976FEA /* Sources */,
				C466DDBE1EDE715400976FEA /* Frameworks */,
				C466DDBF1EDE715400976FEA /* Resources */,
			);
			buildRules = (
			);
			dependencies = (
			);
			name = "Hola Mundo";
			productName = "Hola Mundo";
			productReference = C466DDC11EDE715400976FEA /* Hola Mundo.app */;
			productType = "com.apple.product-type.application";
		};
/* End PBXNativeTarget section */

/* Begin PBXProject section */
		C466DDB91EDE715400976FEA /* Project object */ = {
			isa = PBXProject;
			attributes = {
				LastSwiftUpdateCheck = 0730;
				LastUpgradeCheck = 0730;
				ORGANIZATIONNAME = "Julio Ch";
				TargetAttributes = {
					C466DDC01EDE715400976FEA = {
						CreatedOnToolsVersion = 7.3.1;
					};
				};
			};
			buildConfigurationList = C466DDBC1EDE715400976FEA /* Build configuration list for PBXProject "Hola Mundo" */;
			compatibilityVersion = "Xcode 3.2";
			developmentRegion = English;
			hasScannedForEncodings = 0;
			knownRegions = (
				en,
				Base,
			);
			mainGroup = C466DDB81EDE715400976FEA;
			productRefGroup = C466DDC21EDE715400976FEA /* Products */;
			projectDirPath = "";
			projectRoot = "";
			targets = (
				C466DDC01EDE715400976FEA /* Hola Mundo */,
			);
		};
/* End PBXProject section */

/* Begin PBXResourcesBuildPhase section */
		C466DDBF1EDE715400976FEA /* Resources */ = {
			isa = PBXResourcesBuildPhase;
			buildActionMask = 2147483647;
			files = (
				C466DDCF1EDE715400976FEA /* LaunchScreen.storyboard in Resources */,
				C466DDCC1EDE715400976FEA /* Assets.xcassets in Resources */,
				C466DDCA1EDE715400976FEA /* Main.storyboard in Resources */,
			);
			runOnlyForDeploymentPostprocessing = 0;
		};
/* End PBXResourcesBuildPhase section */

/* Begin PBXSourcesBuildPhase section */
		C466DDBD1EDE715400976FEA /* Sources */ = {
			isa = PBXSourcesBuildPhase;
			buildActionMask = 2147483647;
			files = (
				C466DDC71EDE715400976FEA /* ViewController.swift in Sources */,
				C466DDC51EDE715400976FEA /* AppDelegate.swift in Sources */,
			);
			runOnlyForDeploymentPostprocessing = 0;
		};
/* End PBXSourcesBuildPhase section */

/* Begin PBXVariantGroup section */
		C466DDC81EDE715400976FEA /* Main.storyboard */ = {
			isa = PBXVariantGroup;
			children = (
				C466DDC91EDE715400976FEA /* Base */,
			);
			name = Main.storyboard;
			sourceTree = "<group>";
		};
		C466DDCD1EDE715400976FEA /* LaunchScreen.storyboard */ = {
			isa = PBXVariantGroup;
			children = (
				C466DDCE1EDE715400976FEA /* Base */,
			);
			name = LaunchScreen.storyboard;
			sourceTree = "<group>";
		};
/* End PBXVariantGroup section */

/* Begin XCBuildConfiguration section */
		C466DDD11EDE715400976FEA /* Debug */ = {
			isa = XCBuildConfiguration;
			buildSettings = {
				ALWAYS_SEARCH_USER_PATHS = NO;
				CLANG_ANALYZER_NONNULL = YES;
				CLANG_CXX_LANGUAGE_STANDARD = "gnu++0x";
				CLANG_CXX_LIBRARY = "libc++";
				CLANG_ENABLE_MODULES = YES;
				CLANG_ENABLE_OBJC_ARC = YES;
				CLANG_WARN_BOOL_CONVERSION = YES;
				CLANG_WARN_CONSTANT_CONVERSION = YES;
				CLANG_WARN_DIRECT_OBJC_ISA_USAGE = YES_ERROR;
				CLANG_WARN_EMPTY_BODY = YES;
				CLANG_WARN_ENUM_CONVERSION = YES;
				CLANG_WARN_INT_CONVERSION = YES;
				CLANG_WARN_OBJC_ROOT_CLASS = YES_ERROR;
				CLANG_WARN_UNREACHABLE_CODE = YES;
				CLANG_WARN__DUPLICATE_METHOD_MATCH = YES;
				"CODE_SIGN_IDENTITY[sdk=iphoneos*]" = "iPhone Developer";
				COPY_PHASE_STRIP = NO;
				DEBUG_INFORMATION_FORMAT = dwarf;
				ENABLE_STRICT_OBJC_MSGSEND = YES;
				ENABLE_TESTABILITY = YES;
				GCC_C_LANGUAGE_STANDARD = gnu99;
				GCC_DYNAMIC_NO_PIC = NO;
				GCC_NO_COMMON_BLOCKS = YES;
				GCC_OPTIMIZATION_LEVEL = 0;
				GCC_PREPROCESSOR_DEFINITIONS = (
					"DEBUG=1",
					"$(inherited)",
				);
				GCC_WARN_64_TO_32_BIT_CONVERSION = YES;
				GCC_WARN_ABOUT_RETURN_TYPE = YES_ERROR;
				GCC_WARN_UNDECLARED_SELECTOR = YES;
				GCC_WARN_UNINITIALIZED_AUTOS = YES_AGGRESSIVE;
				GCC_WARN_UNUSED_FUNCTION = YES;
				GCC_WARN_UNUSED_VARIABLE = YES;
				IPHONEOS_DEPLOYMENT_TARGET = 9.3;
				MTL_ENABLE_DEBUG_INFO = YES;
				ONLY_ACTIVE_ARCH = YES;
				SDKROOT = iphoneos;
				SWIFT_OPTIMIZATION_LEVEL = "-Onone";
			};
			name = Debug;
		};
		C466DDD21EDE715400976FEA /* Release */ = {
			isa = XCBuildConfiguration;
			buildSettings = {
				ALWAYS_SEARCH_USER_PATHS = NO;
				CLANG_ANALYZER_NONNULL = YES;
				CLANG_CXX_LANGUAGE_STANDARD = "gnu++0x";
				CLANG_CXX_LIBRARY = "libc++";
				CLANG_ENABLE_MODULES = YES;
				CLANG_ENABLE_OBJC_ARC = YES;
				CLANG_WARN_BOOL_CONVERSION = YES;
				CLANG_WARN_CONSTANT_CONVERSION = YES;
				CLANG_WARN_DIRECT_OBJC_ISA_USAGE = YES_ERROR;
				CLANG_WARN_EMPTY_BODY = YES;
				CLANG_WARN_ENUM_CONVERSION = YES;
				CLANG_WARN_INT_CONVERSION = YES;
				CLANG_WARN_OBJC_ROOT_CLASS = YES_ERROR;
				CLANG_WARN_UNREACHABLE_CODE = YES;
				CLANG_WARN__DUPLICATE_METHOD_MATCH = YES;
				"CODE_SIGN_IDENTITY[sdk=iphoneos*]" = "iPhone Developer";
				COPY_PHASE_STRIP = NO;
				DEBUG_INFORMATION_FORMAT = "dwarf-with-dsym";
				ENABLE_NS_ASSERTIONS = NO;
				ENABLE_STRICT_OBJC_MSGSEND = YES;
				GCC_C_LANGUAGE_STANDARD = gnu99;
				GCC_NO_COMMON_BLOCKS = YES;
				GCC_WARN_64_TO_32_BIT_CONVERSION = YES;
				GCC_WARN_ABOUT_RETURN_TYPE = YES_ERROR;
				GCC_WARN_UNDECLARED_SELECTOR = YES;
				GCC_WARN_UNINITIALIZED_AUTOS = YES_AGGRESSIVE;
				GCC_WARN_UNUSED_FUNCTION = YES;
				GCC_WARN_UNUSED_VARIABLE = YES;
				IPHONEOS_DEPLOYMENT_TARGET = 9.3;
				MTL_ENABLE_DEBUG_INFO = NO;
				SDKROOT = iphoneos;
				VALIDATE_PRODUCT = YES;
			};
			name = Release;
		};
		C466DDD41EDE715400976FEA /* Debug */ = {
			isa = XCBuildConfiguration;
			buildSettings = {
				ASSETCATALOG_COMPILER_APPICON_NAME = AppIcon;
				INFOPLIST_FILE = "Hola Mundo/Info.plist";
				LD_RUNPATH_SEARCH_PATHS = "$(inherited) @executable_path/Frameworks";
				PRODUCT_BUNDLE_IDENTIFIER = "com.julioch.iosdeveloper.Hola-Mundo";
				PRODUCT_NAME = "$(TARGET_NAME)";
			};
			name = Debug;
		};
		C466DDD51EDE715400976FEA /* Release */ = {
			isa = XCBuildConfiguration;
			buildSettings = {
				ASSETCATALOG_COMPILER_APPICON_NAME = AppIcon;
				INFOPLIST_FILE = "Hola Mundo/Info.plist";
				LD_RUNPATH_SEARCH_PATHS = "$(inherited) @executable_path/Frameworks";
				PRODUCT_BUNDLE_IDENTIFIER = "com.julioch.iosdeveloper.Hola-Mundo";
				PRODUCT_NAME = "$(TARGET_NAME)";
			};
			name = Release;
		};
/* End XCBuildConfiguration section */

/* Begin XCConfigurationList section */
		C466DDBC1EDE715400976FEA /* Build configuration list for PBXProject "Hola Mundo" */ = {
			isa = XCConfigurationList;
			buildConfigurations = (
				C466DDD11EDE715400976FEA /* Debug */,
				C466DDD21EDE715400976FEA /* Release */,
			);
			defaultConfigurationIsVisible = 0;
			defaultConfigurationName = Release;
		};
		C466DDD31EDE715400976FEA /* Build configuration list for PBXNativeTarget "Hola Mundo" */ = {
			isa = XCConfigurationList;
			buildConfigurations = (
				C466DDD41EDE715400976FEA /* Debug */,
				C466DDD51EDE715400976FEA /* Release */,
			);
			defaultConfigurationIsVisible = 0;
		};
/* End XCConfigurationList section */
	};
	rootObject = C466DDB91EDE715400976FEA /* Project object */;
}
